
Microsoft Visual Studio Solution File, Format Version 12.00
# Visual Studio Version 17
VisualStudioVersion = 17.8.34309.116
MinimumVisualStudioVersion = 10.0.40219.1
Project("{FAE04EC0-301F-11D3-BF4B-00C04F79EFBC}") = "JWT_Demo", "JWT_Demo\JWT_Demo.csproj", "{0CF0C326-6B5A-404A-814C-A26609BD1F6E}"
EndProject
Global
	GlobalSection(SolutionConfigurationPlatforms) = preSolution
		Debug|Any CPU = Debug|Any CPU
		Release|Any CPU = Release|Any CPU
	EndGlobalSection
	GlobalSection(ProjectConfigurationPlatforms) = postSolution
		{0CF0C326-6B5A-404A-814C-A26609BD1F6E}.Debug|Any CPU.ActiveCfg = Debug|Any CPU
		{0CF0C326-6B5A-404A-814C-A26609BD1F6E}.Debug|Any CPU.Build.0 = Debug|Any CPU
		{0CF0C326-6B5A-404A-814C-A26609BD1F6E}.Release|Any CPU.ActiveCfg = Release|Any CPU
		{0CF0C326-6B5A-404A-814C-A26609BD1F6E}.Release|Any CPU.Build.0 = Release|Any CPU
	EndGlobalSection
	GlobalSection(SolutionProperties) = preSolution
		HideSolutionNode = FALSE
	EndGlobalSection
	GlobalSection(ExtensibilityGlobals) = postSolution
		SolutionGuid = {D4822153-30A6-44EC-8015-2870967901BE}
	EndGlobalSection
EndGlobal
